<?xml version="1.0" encoding="utf-8"?>
<Project ToolsVersion="4.0" xmlns="http://schemas.microsoft.com/developer/msbuild/2003">
  <ItemGroup>
    <Filter Include="소스 파일">
      <UniqueIdentifier>{4FC737F1-C7A5-4376-A066-2A32D752A2FF}</UniqueIdentifier>
      <Extensions>cpp;c;cc;cxx;c++;cppm;ixx;def;odl;idl;hpj;bat;asm;asmx</Extensions>
    </Filter>
    <Filter Include="헤더 파일">
      <UniqueIdentifier>{93995380-89BD-4b04-88EB-625FBE52EBFB}</UniqueIdentifier>
      <Extensions>h;hh;hpp;hxx;h++;hm;inl;inc;ipp;xsd</Extensions>
    </Filter>
    <Filter Include="리소스 파일">
      <UniqueIdentifier>{67DA6AB6-F800-4c08-8B7A-83BB121AAD01}</UniqueIdentifier>
      <Extensions>rc;ico;cur;bmp;dlg;rc2;rct;bin;rgs;gif;jpg;jpeg;jpe;resx;tiff;tif;png;wav;mfcribbon-ms</Extensions>
    </Filter>
    <Filter Include="소스 파일\OOP">
      <UniqueIdentifier>{47f1caaa-e8dd-40ee-b705-dc5564a52db5}</UniqueIdentifier>
    </Filter>
    <Filter Include="소스 파일\ClassDefinition_Car">
      <UniqueIdentifier>{fe3fc40b-fb5d-470c-90a6-1038357395a8}</UniqueIdentifier>
    </Filter>
  </ItemGroup>
  <ItemGroup>
    <ClCompile Include="Struct.cpp">
      <Filter>소스 파일</Filter>
    </ClCompile>
    <ClCompile Include="..\..\C++연습모드\3.클래스\3.클래스\ClassDef.cpp">
      <Filter>소스 파일\OOP</Filter>
    </ClCompile>
    <ClCompile Include="..\..\C++연습모드\3.클래스\3.클래스\FruitSale1.cpp">
      <Filter>소스 파일\OOP</Filter>
    </ClCompile>
    <ClCompile Include="..\..\C++연습모드\3.클래스\3.클래스\CarInlineMain.cpp">
      <Filter>소스 파일\ClassDefinition_Car</Filter>
    </ClCompile>
    <ClCompile Include="..\..\C++연습모드\3.클래스\3.클래스\CarInline.cpp">
      <Filter>소스 파일\ClassDefinition_Car</Filter>
    </ClCompile>
  </ItemGroup>
  <ItemGroup>
    <ClInclude Include="..\..\C++연습모드\3.클래스\3.클래스\object.h">
      <Filter>소스 파일\OOP</Filter>
    </ClInclude>
    <ClInclude Include="..\..\C++연습모드\3.클래스\3.클래스\CarInline.h">
      <Filter>소스 파일\ClassDefinition_Car</Filter>
    </ClInclude>
  </ItemGroup>
</Project>